
Microsoft Visual Studio Solution File, Format Version 12.00
# Visual Studio 14
VisualStudioVersion = 14.0.25420.1
MinimumVisualStudioVersion = 10.0.40219.1
Project("{FAE04EC0-301F-11D3-BF4B-00C04F79EFBC}") = "AutoSoft.WebApi", "src\AutoSoft.WebApi\AutoSoft.WebApi.csproj", "{B296D99B-4CB3-45D4-A919-22C618276308}"
EndProject
Project("{FAE04EC0-301F-11D3-BF4B-00C04F79EFBC}") = "AutoSoft.Domain.CoreBC", "src\AutoSoft.Domain.CoreBC\AutoSoft.Domain.CoreBC.csproj", "{E670C0F0-800E-43BF-ABCC-CABF1900E68C}"
EndProject
Project("{FAE04EC0-301F-11D3-BF4B-00C04F79EFBC}") = "AutoSoft.Infrastructure", "src\AutoSoft.Infrastructure\AutoSoft.Infrastructure.csproj", "{78CB568B-FA9D-4130-AD0B-589503402CBE}"
EndProject
Project("{FAE04EC0-301F-11D3-BF4B-00C04F79EFBC}") = "AutoSoft.Data", "src\AutoSoft.Data\AutoSoft.Data.csproj", "{00651AC2-090F-4CFB-9AE9-79081554AEA1}"
EndProject
Project("{2150E333-8FDC-42A3-9474-1A3956D46DE8}") = "Tests", "Tests", "{5BA533A5-D96E-4B64-BD07-33A648AB47E2}"
EndProject
Project("{2150E333-8FDC-42A3-9474-1A3956D46DE8}") = "CoreBoundedContext", "CoreBoundedContext", "{26BD643A-61F6-44C3-8690-FB4961918287}"
EndProject
Project("{2150E333-8FDC-42A3-9474-1A3956D46DE8}") = "Api", "Api", "{10968906-F762-412D-827F-F4FBE9A95689}"
EndProject
Project("{2150E333-8FDC-42A3-9474-1A3956D46DE8}") = "Core", "Core", "{A476C366-61F3-4B44-B6BD-491E5E231CBC}"
EndProject
Project("{FAE04EC0-301F-11D3-BF4B-00C04F79EFBC}") = "AutoSoft.Data.EntityFramework", "src\AutoSoft.Data.EntityFramework\AutoSoft.Data.EntityFramework.csproj", "{2E811673-F129-4C4C-A85A-55055EA81AA5}"
EndProject
Project("{2150E333-8FDC-42A3-9474-1A3956D46DE8}") = "AuthBoundedContext", "AuthBoundedContext", "{14A94F4A-2753-4F86-A550-FC81A5F830EA}"
EndProject
Project("{FAE04EC0-301F-11D3-BF4B-00C04F79EFBC}") = "AutoSoft.Domain.AuthBC", "src\AutoSoft.Domain.AuthBC\AutoSoft.Domain.AuthBC.csproj", "{EB58B066-B22F-4927-9B77-782C50392749}"
EndProject
Project("{2150E333-8FDC-42A3-9474-1A3956D46DE8}") = "Bounded Contexts", "Bounded Contexts", "{B9976A52-F04A-46B8-A050-DA19DDF6B4B6}"
EndProject
Project("{FAE04EC0-301F-11D3-BF4B-00C04F79EFBC}") = "AutoSoft.Tests", "src\AutoSoft.Tests\AutoSoft.Tests.csproj", "{B3333B18-7919-4911-B6FA-7A6329186E37}"
EndProject
Global
	GlobalSection(SolutionConfigurationPlatforms) = preSolution
		Debug|Any CPU = Debug|Any CPU
		Release|Any CPU = Release|Any CPU
	EndGlobalSection
	GlobalSection(ProjectConfigurationPlatforms) = postSolution
		{B296D99B-4CB3-45D4-A919-22C618276308}.Debug|Any CPU.ActiveCfg = Debug|Any CPU
		{B296D99B-4CB3-45D4-A919-22C618276308}.Debug|Any CPU.Build.0 = Debug|Any CPU
		{B296D99B-4CB3-45D4-A919-22C618276308}.Release|Any CPU.ActiveCfg = Release|Any CPU
		{B296D99B-4CB3-45D4-A919-22C618276308}.Release|Any CPU.Build.0 = Release|Any CPU
		{E670C0F0-800E-43BF-ABCC-CABF1900E68C}.Debug|Any CPU.ActiveCfg = Debug|Any CPU
		{E670C0F0-800E-43BF-ABCC-CABF1900E68C}.Debug|Any CPU.Build.0 = Debug|Any CPU
		{E670C0F0-800E-43BF-ABCC-CABF1900E68C}.Release|Any CPU.ActiveCfg = Release|Any CPU
		{E670C0F0-800E-43BF-ABCC-CABF1900E68C}.Release|Any CPU.Build.0 = Release|Any CPU
		{78CB568B-FA9D-4130-AD0B-589503402CBE}.Debug|Any CPU.ActiveCfg = Debug|Any CPU
		{78CB568B-FA9D-4130-AD0B-589503402CBE}.Debug|Any CPU.Build.0 = Debug|Any CPU
		{78CB568B-FA9D-4130-AD0B-589503402CBE}.Release|Any CPU.ActiveCfg = Release|Any CPU
		{78CB568B-FA9D-4130-AD0B-589503402CBE}.Release|Any CPU.Build.0 = Release|Any CPU
		{00651AC2-090F-4CFB-9AE9-79081554AEA1}.Debug|Any CPU.ActiveCfg = Debug|Any CPU
		{00651AC2-090F-4CFB-9AE9-79081554AEA1}.Debug|Any CPU.Build.0 = Debug|Any CPU
		{00651AC2-090F-4CFB-9AE9-79081554AEA1}.Release|Any CPU.ActiveCfg = Release|Any CPU
		{00651AC2-090F-4CFB-9AE9-79081554AEA1}.Release|Any CPU.Build.0 = Release|Any CPU
		{2E811673-F129-4C4C-A85A-55055EA81AA5}.Debug|Any CPU.ActiveCfg = Debug|Any CPU
		{2E811673-F129-4C4C-A85A-55055EA81AA5}.Debug|Any CPU.Build.0 = Debug|Any CPU
		{2E811673-F129-4C4C-A85A-55055EA81AA5}.Release|Any CPU.ActiveCfg = Release|Any CPU
		{2E811673-F129-4C4C-A85A-55055EA81AA5}.Release|Any CPU.Build.0 = Release|Any CPU
		{EB58B066-B22F-4927-9B77-782C50392749}.Debug|Any CPU.ActiveCfg = Debug|Any CPU
		{EB58B066-B22F-4927-9B77-782C50392749}.Debug|Any CPU.Build.0 = Debug|Any CPU
		{EB58B066-B22F-4927-9B77-782C50392749}.Release|Any CPU.ActiveCfg = Release|Any CPU
		{EB58B066-B22F-4927-9B77-782C50392749}.Release|Any CPU.Build.0 = Release|Any CPU
		{B3333B18-7919-4911-B6FA-7A6329186E37}.Debug|Any CPU.ActiveCfg = Debug|Any CPU
		{B3333B18-7919-4911-B6FA-7A6329186E37}.Debug|Any CPU.Build.0 = Debug|Any CPU
		{B3333B18-7919-4911-B6FA-7A6329186E37}.Release|Any CPU.ActiveCfg = Release|Any CPU
		{B3333B18-7919-4911-B6FA-7A6329186E37}.Release|Any CPU.Build.0 = Release|Any CPU
	EndGlobalSection
	GlobalSection(SolutionProperties) = preSolution
		HideSolutionNode = FALSE
	EndGlobalSection
	GlobalSection(NestedProjects) = preSolution
		{B296D99B-4CB3-45D4-A919-22C618276308} = {10968906-F762-412D-827F-F4FBE9A95689}
		{E670C0F0-800E-43BF-ABCC-CABF1900E68C} = {26BD643A-61F6-44C3-8690-FB4961918287}
		{78CB568B-FA9D-4130-AD0B-589503402CBE} = {A476C366-61F3-4B44-B6BD-491E5E231CBC}
		{00651AC2-090F-4CFB-9AE9-79081554AEA1} = {A476C366-61F3-4B44-B6BD-491E5E231CBC}
		{26BD643A-61F6-44C3-8690-FB4961918287} = {B9976A52-F04A-46B8-A050-DA19DDF6B4B6}
		{2E811673-F129-4C4C-A85A-55055EA81AA5} = {A476C366-61F3-4B44-B6BD-491E5E231CBC}
		{14A94F4A-2753-4F86-A550-FC81A5F830EA} = {B9976A52-F04A-46B8-A050-DA19DDF6B4B6}
		{EB58B066-B22F-4927-9B77-782C50392749} = {14A94F4A-2753-4F86-A550-FC81A5F830EA}
		{B3333B18-7919-4911-B6FA-7A6329186E37} = {5BA533A5-D96E-4B64-BD07-33A648AB47E2}
	EndGlobalSection
EndGlobal
